// !$*UTF8*$!
{
	archiveVersion = 1;
	classes = {
	};
	objectVersion = 50;
	objects = {

/* Begin PBXBuildFile section */
		1725763020CBC0AD009A2C29 /* SimpleStorageContract.swift in Sources */ = {isa = PBXBuildFile; fileRef = 1725762F20CBC0AD009A2C29 /* SimpleStorageContract.swift */; };
		172576E420CC1ADE009A2C29 /* Quorum.framework in Frameworks */ = {isa = PBXBuildFile; fileRef = 172576E320CC1ADE009A2C29 /* Quorum.framework */; };
		17D6135A20C9C33F00C2AEE2 /* ViewController.swift in Sources */ = {isa = PBXBuildFile; fileRef = 17D6135520C9C33F00C2AEE2 /* ViewController.swift */; };
		26C0B05320B3196400335BF4 /* AppDelegate.swift in Sources */ = {isa = PBXBuildFile; fileRef = 26C0B05220B3196400335BF4 /* AppDelegate.swift */; };
		26C0B05820B3196400335BF4 /* Main.storyboard in Resources */ = {isa = PBXBuildFile; fileRef = 26C0B05620B3196400335BF4 /* Main.storyboard */; };
		26C0B05A20B3196400335BF4 /* Assets.xcassets in Resources */ = {isa = PBXBuildFile; fileRef = 26C0B05920B3196400335BF4 /* Assets.xcassets */; };
		26C0B05D20B3196400335BF4 /* LaunchScreen.storyboard in Resources */ = {isa = PBXBuildFile; fileRef = 26C0B05B20B3196400335BF4 /* LaunchScreen.storyboard */; };
		CC5226B30BEFBB187E2D793C /* Pods_ios_quorum.framework in Frameworks */ = {isa = PBXBuildFile; fileRef = ECFFF0E95B9631672FA6F6EB /* Pods_ios_quorum.framework */; };
/* End PBXBuildFile section */

/* Begin PBXCopyFilesBuildPhase section */
		172576AB20CC0E40009A2C29 /* Embed Frameworks */ = {
			isa = PBXCopyFilesBuildPhase;
			buildActionMask = 2147483647;
			dstPath = "";
			dstSubfolderSpec = 10;
			files = (
			);
			name = "Embed Frameworks";
			runOnlyForDeploymentPostprocessing = 0;
		};
/* End PBXCopyFilesBuildPhase section */

/* Begin PBXFileReference section */
		1725762F20CBC0AD009A2C29 /* SimpleStorageContract.swift */ = {isa = PBXFileReference; lastKnownFileType = sourcecode.swift; path = SimpleStorageContract.swift; sourceTree = "<group>"; };
		172576E320CC1ADE009A2C29 /* Quorum.framework */ = {isa = PBXFileReference; explicitFileType = wrapper.framework; path = Quorum.framework; sourceTree = BUILT_PRODUCTS_DIR; };
		17D6135520C9C33F00C2AEE2 /* ViewController.swift */ = {isa = PBXFileReference; fileEncoding = 4; lastKnownFileType = sourcecode.swift; path = ViewController.swift; sourceTree = "<group>"; };
		26C0B04F20B3196400335BF4 /* ios-quorum.app */ = {isa = PBXFileReference; explicitFileType = wrapper.application; includeInIndex = 0; path = "ios-quorum.app"; sourceTree = BUILT_PRODUCTS_DIR; };
		26C0B05220B3196400335BF4 /* AppDelegate.swift */ = {isa = PBXFileReference; lastKnownFileType = sourcecode.swift; path = AppDelegate.swift; sourceTree = "<group>"; };
		26C0B05720B3196400335BF4 /* Base */ = {isa = PBXFileReference; lastKnownFileType = file.storyboard; name = Base; path = Base.lproj/Main.storyboard; sourceTree = "<group>"; };
		26C0B05920B3196400335BF4 /* Assets.xcassets */ = {isa = PBXFileReference; lastKnownFileType = folder.assetcatalog; path = Assets.xcassets; sourceTree = "<group>"; };
		26C0B05C20B3196400335BF4 /* Base */ = {isa = PBXFileReference; lastKnownFileType = file.storyboard; name = Base; path = Base.lproj/LaunchScreen.storyboard; sourceTree = "<group>"; };
		26C0B05E20B3196400335BF4 /* Info.plist */ = {isa = PBXFileReference; lastKnownFileType = text.plist.xml; path = Info.plist; sourceTree = "<group>"; };
		2990885AFD4DC3E1F1C2A7B8 /* Pods-ios-quorum.release.xcconfig */ = {isa = PBXFileReference; includeInIndex = 1; lastKnownFileType = text.xcconfig; name = "Pods-ios-quorum.release.xcconfig"; path = "Pods/Target Support Files/Pods-ios-quorum/Pods-ios-quorum.release.xcconfig"; sourceTree = "<group>"; };
		51943FAE0C319DE6B32AF5ED /* Pods-ios-quorum.debug.xcconfig */ = {isa = PBXFileReference; includeInIndex = 1; lastKnownFileType = text.xcconfig; name = "Pods-ios-quorum.debug.xcconfig"; path = "Pods/Target Support Files/Pods-ios-quorum/Pods-ios-quorum.debug.xcconfig"; sourceTree = "<group>"; };
		ECFFF0E95B9631672FA6F6EB /* Pods_ios_quorum.framework */ = {isa = PBXFileReference; explicitFileType = wrapper.framework; includeInIndex = 0; path = Pods_ios_quorum.framework; sourceTree = BUILT_PRODUCTS_DIR; };
/* End PBXFileReference section */

/* Begin PBXFrameworksBuildPhase section */
		26C0B04C20B3196400335BF4 /* Frameworks */ = {
			isa = PBXFrameworksBuildPhase;
			buildActionMask = 2147483647;
			files = (
				172576E420CC1ADE009A2C29 /* Quorum.framework in Frameworks */,
				CC5226B30BEFBB187E2D793C /* Pods_ios_quorum.framework in Frameworks */,
			);
			runOnlyForDeploymentPostprocessing = 0;
		};
/* End PBXFrameworksBuildPhase section */

/* Begin PBXGroup section */
		172576E220CC1ADE009A2C29 /* Frameworks */ = {
			isa = PBXGroup;
			children = (
				172576E320CC1ADE009A2C29 /* Quorum.framework */,
				ECFFF0E95B9631672FA6F6EB /* Pods_ios_quorum.framework */,
			);
			name = Frameworks;
			sourceTree = "<group>";
		};
		17D6135420C9C33F00C2AEE2 /* Classes */ = {
			isa = PBXGroup;
			children = (
				17D6135520C9C33F00C2AEE2 /* ViewController.swift */,
				1725762F20CBC0AD009A2C29 /* SimpleStorageContract.swift */,
			);
			path = Classes;
			sourceTree = "<group>";
		};
		26C0B04620B3196400335BF4 = {
			isa = PBXGroup;
			children = (
				26C0B05120B3196400335BF4 /* ios-quorum */,
				26C0B05020B3196400335BF4 /* Products */,
				172576E220CC1ADE009A2C29 /* Frameworks */,
				43B10DA9A8A82B6EB82166D9 /* Pods */,
			);
			sourceTree = "<group>";
		};
		26C0B05020B3196400335BF4 /* Products */ = {
			isa = PBXGroup;
			children = (
				26C0B04F20B3196400335BF4 /* ios-quorum.app */,
			);
			name = Products;
			sourceTree = "<group>";
		};
		26C0B05120B3196400335BF4 /* ios-quorum */ = {
			isa = PBXGroup;
			children = (
				17D6135420C9C33F00C2AEE2 /* Classes */,
				26C0B05220B3196400335BF4 /* AppDelegate.swift */,
				26C0B05620B3196400335BF4 /* Main.storyboard */,
				26C0B05920B3196400335BF4 /* Assets.xcassets */,
				26C0B05B20B3196400335BF4 /* LaunchScreen.storyboard */,
				26C0B05E20B3196400335BF4 /* Info.plist */,
			);
			path = "ios-quorum";
			sourceTree = "<group>";
		};
		43B10DA9A8A82B6EB82166D9 /* Pods */ = {
			isa = PBXGroup;
			children = (
				51943FAE0C319DE6B32AF5ED /* Pods-ios-quorum.debug.xcconfig */,
				2990885AFD4DC3E1F1C2A7B8 /* Pods-ios-quorum.release.xcconfig */,
			);
			name = Pods;
			sourceTree = "<group>";
		};
/* End PBXGroup section */

/* Begin PBXNativeTarget section */
		26C0B04E20B3196400335BF4 /* ios-quorum */ = {
			isa = PBXNativeTarget;
			buildConfigurationList = 26C0B06120B3196400335BF4 /* Build configuration list for PBXNativeTarget "ios-quorum" */;
			buildPhases = (
				4766D97058D1521E9D56FE76 /* [CP] Check Pods Manifest.lock */,
				26C0B04B20B3196400335BF4 /* Sources */,
				26C0B04C20B3196400335BF4 /* Frameworks */,
				26C0B04D20B3196400335BF4 /* Resources */,
				172576AB20CC0E40009A2C29 /* Embed Frameworks */,
				B44A4F8EA4375D5627152FA4 /* [CP] Embed Pods Frameworks */,
			);
			buildRules = (
			);
			dependencies = (
			);
			name = "ios-quorum";
			productName = "ios-quorum";
			productReference = 26C0B04F20B3196400335BF4 /* ios-quorum.app */;
			productType = "com.apple.product-type.application";
		};
/* End PBXNativeTarget section */

/* Begin PBXProject section */
		26C0B04720B3196400335BF4 /* Project object */ = {
			isa = PBXProject;
			attributes = {
				LastSwiftUpdateCheck = 0940;
				LastUpgradeCheck = 0930;
				ORGANIZATIONNAME = "Pharos Production Inc for Kimlic";
				TargetAttributes = {
					26C0B04E20B3196400335BF4 = {
						CreatedOnToolsVersion = 9.3.1;
					};
				};
			};
			buildConfigurationList = 26C0B04A20B3196400335BF4 /* Build configuration list for PBXProject "ios-quorum" */;
			compatibilityVersion = "Xcode 9.3";
			developmentRegion = en;
			hasScannedForEncodings = 0;
			knownRegions = (
				en,
				Base,
			);
			mainGroup = 26C0B04620B3196400335BF4;
			productRefGroup = 26C0B05020B3196400335BF4 /* Products */;
			projectDirPath = "";
			projectRoot = "";
			targets = (
				26C0B04E20B3196400335BF4 /* ios-quorum */,
			);
		};
/* End PBXProject section */

/* Begin PBXResourcesBuildPhase section */
		26C0B04D20B3196400335BF4 /* Resources */ = {
			isa = PBXResourcesBuildPhase;
			buildActionMask = 2147483647;
			files = (
				26C0B05D20B3196400335BF4 /* LaunchScreen.storyboard in Resources */,
				26C0B05A20B3196400335BF4 /* Assets.xcassets in Resources */,
				26C0B05820B3196400335BF4 /* Main.storyboard in Resources */,
			);
			runOnlyForDeploymentPostprocessing = 0;
		};
/* End PBXResourcesBuildPhase section */

/* Begin PBXShellScriptBuildPhase section */
		4766D97058D1521E9D56FE76 /* [CP] Check Pods Manifest.lock */ = {
			isa = PBXShellScriptBuildPhase;
			buildActionMask = 2147483647;
			files = (
			);
			inputPaths = (
				"${PODS_PODFILE_DIR_PATH}/Podfile.lock",
				"${PODS_ROOT}/Manifest.lock",
			);
			name = "[CP] Check Pods Manifest.lock";
			outputPaths = (
				"$(DERIVED_FILE_DIR)/Pods-ios-quorum-checkManifestLockResult.txt",
			);
			runOnlyForDeploymentPostprocessing = 0;
			shellPath = /bin/sh;
			shellScript = "diff \"${PODS_PODFILE_DIR_PATH}/Podfile.lock\" \"${PODS_ROOT}/Manifest.lock\" > /dev/null\nif [ $? != 0 ] ; then\n    # print error to STDERR\n    echo \"error: The sandbox is not in sync with the Podfile.lock. Run 'pod install' or update your CocoaPods installation.\" >&2\n    exit 1\nfi\n# This output is used by Xcode 'outputs' to avoid re-running this script phase.\necho \"SUCCESS\" > \"${SCRIPT_OUTPUT_FILE_0}\"\n";
			showEnvVarsInLog = 0;
		};
		B44A4F8EA4375D5627152FA4 /* [CP] Embed Pods Frameworks */ = {
			isa = PBXShellScriptBuildPhase;
			buildActionMask = 2147483647;
			files = (
			);
			inputPaths = (
				"${SRCROOT}/Pods/Target Support Files/Pods-ios-quorum/Pods-ios-quorum-frameworks.sh",
				"${BUILT_PRODUCTS_DIR}/Alamofire/Alamofire.framework",
				"${BUILT_PRODUCTS_DIR}/Alamofire-Synchronous/Alamofire_Synchronous.framework",
				"${BUILT_PRODUCTS_DIR}/BigInt/BigInt.framework",
				"${BUILT_PRODUCTS_DIR}/CryptoSwift/CryptoSwift.framework",
				"${BUILT_PRODUCTS_DIR}/Quorum/Quorum.framework",
				"${BUILT_PRODUCTS_DIR}/Result/Result.framework",
				"${BUILT_PRODUCTS_DIR}/SipHash/SipHash.framework",
				"${BUILT_PRODUCTS_DIR}/libsodium/libsodium.framework",
				"${BUILT_PRODUCTS_DIR}/secp256k1_ios/secp256k1_ios.framework",
				"${BUILT_PRODUCTS_DIR}/web3swift/web3swift.framework",
			);
			name = "[CP] Embed Pods Frameworks";
			outputPaths = (
				"${TARGET_BUILD_DIR}/${FRAMEWORKS_FOLDER_PATH}/Alamofire.framework",
				"${TARGET_BUILD_DIR}/${FRAMEWORKS_FOLDER_PATH}/Alamofire_Synchronous.framework",
				"${TARGET_BUILD_DIR}/${FRAMEWORKS_FOLDER_PATH}/BigInt.framework",
				"${TARGET_BUILD_DIR}/${FRAMEWORKS_FOLDER_PATH}/CryptoSwift.framework",
				"${TARGET_BUILD_DIR}/${FRAMEWORKS_FOLDER_PATH}/Quorum.framework",
				"${TARGET_BUILD_DIR}/${FRAMEWORKS_FOLDER_PATH}/Result.framework",
				"${TARGET_BUILD_DIR}/${FRAMEWORKS_FOLDER_PATH}/SipHash.framework",
				"${TARGET_BUILD_DIR}/${FRAMEWORKS_FOLDER_PATH}/libsodium.framework",
				"${TARGET_BUILD_DIR}/${FRAMEWORKS_FOLDER_PATH}/secp256k1_ios.framework",
				"${TARGET_BUILD_DIR}/${FRAMEWORKS_FOLDER_PATH}/web3swift.framework",
			);
			runOnlyForDeploymentPostprocessing = 0;
			shellPath = /bin/sh;
			shellScript = "\"${SRCROOT}/Pods/Target Support Files/Pods-ios-quorum/Pods-ios-quorum-frameworks.sh\"\n";
			showEnvVarsInLog = 0;
		};
/* End PBXShellScriptBuildPhase section */

/* Begin PBXSourcesBuildPhase section */
		26C0B04B20B3196400335BF4 /* Sources */ = {
			isa = PBXSourcesBuildPhase;
			buildActionMask = 2147483647;
			files = (
				17D6135A20C9C33F00C2AEE2 /* ViewController.swift in Sources */,
				1725763020CBC0AD009A2C29 /* SimpleStorageContract.swift in Sources */,
				26C0B05320B3196400335BF4 /* AppDelegate.swift in Sources */,
			);
			runOnlyForDeploymentPostprocessing = 0;
		};
/* End PBXSourcesBuildPhase section */

/* Begin PBXVariantGroup section */
		26C0B05620B3196400335BF4 /* Main.storyboard */ = {
			isa = PBXVariantGroup;
			children = (
				26C0B05720B3196400335BF4 /* Base */,
			);
			name = Main.storyboard;
			sourceTree = "<group>";
		};
		26C0B05B20B3196400335BF4 /* LaunchScreen.storyboard */ = {
			isa = PBXVariantGroup;
			children = (
				26C0B05C20B3196400335BF4 /* Base */,
			);
			name = LaunchScreen.storyboard;
			sourceTree = "<group>";
		};
/* End PBXVariantGroup section */

/* Begin XCBuildConfiguration section */
		26C0B05F20B3196400335BF4 /* Debug */ = {
			isa = XCBuildConfiguration;
			buildSettings = {
				ALWAYS_SEARCH_USER_PATHS = NO;
				CLANG_ANALYZER_NONNULL = YES;
				CLANG_ANALYZER_NUMBER_OBJECT_CONVERSION = YES_AGGRESSIVE;
				CLANG_CXX_LANGUAGE_STANDARD = "gnu++14";
				CLANG_CXX_LIBRARY = "libc++";
				CLANG_ENABLE_MODULES = YES;
				CLANG_ENABLE_OBJC_ARC = YES;
				CLANG_ENABLE_OBJC_WEAK = YES;
				CLANG_WARN_BLOCK_CAPTURE_AUTORELEASING = YES;
				CLANG_WARN_BOOL_CONVERSION = YES;
				CLANG_WARN_COMMA = YES;
				CLANG_WARN_CONSTANT_CONVERSION = YES;
				CLANG_WARN_DEPRECATED_OBJC_IMPLEMENTATIONS = YES;
				CLANG_WARN_DIRECT_OBJC_ISA_USAGE = YES_ERROR;
				CLANG_WARN_DOCUMENTATION_COMMENTS = YES;
				CLANG_WARN_EMPTY_BODY = YES;
				CLANG_WARN_ENUM_CONVERSION = YES;
				CLANG_WARN_INFINITE_RECURSION = YES;
				CLANG_WARN_INT_CONVERSION = YES;
				CLANG_WARN_NON_LITERAL_NULL_CONVERSION = YES;
				CLANG_WARN_OBJC_IMPLICIT_RETAIN_SELF = YES;
				CLANG_WARN_OBJC_LITERAL_CONVERSION = YES;
				CLANG_WARN_OBJC_ROOT_CLASS = YES_ERROR;
				CLANG_WARN_RANGE_LOOP_ANALYSIS = YES;
				CLANG_WARN_STRICT_PROTOTYPES = YES;
				CLANG_WARN_SUSPICIOUS_MOVE = YES;
				CLANG_WARN_UNGUARDED_AVAILABILITY = YES_AGGRESSIVE;
				CLANG_WARN_UNREACHABLE_CODE = YES;
				CLANG_WARN__DUPLICATE_METHOD_MATCH = YES;
				CODE_SIGN_IDENTITY = "iPhone Developer";
				COPY_PHASE_STRIP = NO;
				DEBUG_INFORMATION_FORMAT = dwarf;
				ENABLE_STRICT_OBJC_MSGSEND = YES;
				ENABLE_TESTABILITY = YES;
				GCC_C_LANGUAGE_STANDARD = gnu11;
				GCC_DYNAMIC_NO_PIC = NO;
				GCC_NO_COMMON_BLOCKS = YES;
				GCC_OPTIMIZATION_LEVEL = 0;
				GCC_PREPROCESSOR_DEFINITIONS = (
					"DEBUG=1",
					"$(inherited)",
				);
				GCC_WARN_64_TO_32_BIT_CONVERSION = YES;
				GCC_WARN_ABOUT_RETURN_TYPE = YES_ERROR;
				GCC_WARN_UNDECLARED_SELECTOR = YES;
				GCC_WARN_UNINITIALIZED_AUTOS = YES_AGGRESSIVE;
				GCC_WARN_UNUSED_FUNCTION = YES;
				GCC_WARN_UNUSED_VARIABLE = YES;
				IPHONEOS_DEPLOYMENT_TARGET = 9.0;
				MTL_ENABLE_DEBUG_INFO = YES;
				ONLY_ACTIVE_ARCH = YES;
				SDKROOT = iphoneos;
				SWIFT_ACTIVE_COMPILATION_CONDITIONS = DEBUG;
				SWIFT_OPTIMIZATION_LEVEL = "-Onone";
			};
			name = Debug;
		};
		26C0B06020B3196400335BF4 /* Release */ = {
			isa = XCBuildConfiguration;
			buildSettings = {
				ALWAYS_SEARCH_USER_PATHS = NO;
				CLANG_ANALYZER_NONNULL = YES;
				CLANG_ANALYZER_NUMBER_OBJECT_CONVERSION = YES_AGGRESSIVE;
				CLANG_CXX_LANGUAGE_STANDARD = "gnu++14";
				CLANG_CXX_LIBRARY = "libc++";
				CLANG_ENABLE_MODULES = YES;
				CLANG_ENABLE_OBJC_ARC = YES;
				CLANG_ENABLE_OBJC_WEAK = YES;
				CLANG_WARN_BLOCK_CAPTURE_AUTORELEASING = YES;
				CLANG_WARN_BOOL_CONVERSION = YES;
				CLANG_WARN_COMMA = YES;
				CLANG_WARN_CONSTANT_CONVERSION = YES;
				CLANG_WARN_DEPRECATED_OBJC_IMPLEMENTATIONS = YES;
				CLANG_WARN_DIRECT_OBJC_ISA_USAGE = YES_ERROR;
				CLANG_WARN_DOCUMENTATION_COMMENTS = YES;
				CLANG_WARN_EMPTY_BODY = YES;
				CLANG_WARN_ENUM_CONVERSION = YES;
				CLANG_WARN_INFINITE_RECURSION = YES;
				CLANG_WARN_INT_CONVERSION = YES;
				CLANG_WARN_NON_LITERAL_NULL_CONVERSION = YES;
				CLANG_WARN_OBJC_IMPLICIT_RETAIN_SELF = YES;
				CLANG_WARN_OBJC_LITERAL_CONVERSION = YES;
				CLANG_WARN_OBJC_ROOT_CLASS = YES_ERROR;
				CLANG_WARN_RANGE_LOOP_ANALYSIS = YES;
				CLANG_WARN_STRICT_PROTOTYPES = YES;
				CLANG_WARN_SUSPICIOUS_MOVE = YES;
				CLANG_WARN_UNGUARDED_AVAILABILITY = YES_AGGRESSIVE;
				CLANG_WARN_UNREACHABLE_CODE = YES;
				CLANG_WARN__DUPLICATE_METHOD_MATCH = YES;
				CODE_SIGN_IDENTITY = "iPhone Developer";
				COPY_PHASE_STRIP = NO;
				DEBUG_INFORMATION_FORMAT = "dwarf-with-dsym";
				ENABLE_NS_ASSERTIONS = NO;
				ENABLE_STRICT_OBJC_MSGSEND = YES;
				GCC_C_LANGUAGE_STANDARD = gnu11;
				GCC_NO_COMMON_BLOCKS = YES;
				GCC_WARN_64_TO_32_BIT_CONVERSION = YES;
				GCC_WARN_ABOUT_RETURN_TYPE = YES_ERROR;
				GCC_WARN_UNDECLARED_SELECTOR = YES;
				GCC_WARN_UNINITIALIZED_AUTOS = YES_AGGRESSIVE;
				GCC_WARN_UNUSED_FUNCTION = YES;
				GCC_WARN_UNUSED_VARIABLE = YES;
				IPHONEOS_DEPLOYMENT_TARGET = 9.0;
				MTL_ENABLE_DEBUG_INFO = NO;
				SDKROOT = iphoneos;
				SWIFT_COMPILATION_MODE = wholemodule;
				SWIFT_OPTIMIZATION_LEVEL = "-O";
				VALIDATE_PRODUCT = YES;
			};
			name = Release;
		};
		26C0B06220B3196400335BF4 /* Debug */ = {
			isa = XCBuildConfiguration;
			baseConfigurationReference = 51943FAE0C319DE6B32AF5ED /* Pods-ios-quorum.debug.xcconfig */;
			buildSettings = {
				ASSETCATALOG_COMPILER_APPICON_NAME = AppIcon;
				CODE_SIGN_STYLE = Automatic;
				INFOPLIST_FILE = "ios-quorum/Info.plist";
				IPHONEOS_DEPLOYMENT_TARGET = 9.0;
				LD_RUNPATH_SEARCH_PATHS = (
					"$(inherited)",
					"@executable_path/Frameworks",
				);
				PRODUCT_BUNDLE_IDENTIFIER = "com.pharosproduction.ios-quorum";
				PRODUCT_NAME = "$(TARGET_NAME)";
				SWIFT_VERSION = 4.0;
				TARGETED_DEVICE_FAMILY = "1,2";
			};
			name = Debug;
		};
		26C0B06320B3196400335BF4 /* Release */ = {
			isa = XCBuildConfiguration;
			baseConfigurationReference = 2990885AFD4DC3E1F1C2A7B8 /* Pods-ios-quorum.release.xcconfig */;
			buildSettings = {
				ASSETCATALOG_COMPILER_APPICON_NAME = AppIcon;
				CODE_SIGN_STYLE = Automatic;
				INFOPLIST_FILE = "ios-quorum/Info.plist";
				IPHONEOS_DEPLOYMENT_TARGET = 9.0;
				LD_RUNPATH_SEARCH_PATHS = (
					"$(inherited)",
					"@executable_path/Frameworks",
				);
				PRODUCT_BUNDLE_IDENTIFIER = "com.pharosproduction.ios-quorum";
				PRODUCT_NAME = "$(TARGET_NAME)";
				SWIFT_VERSION = 4.0;
				TARGETED_DEVICE_FAMILY = "1,2";
			};
			name = Release;
		};
/* End XCBuildConfiguration section */

/* Begin XCConfigurationList section */
		26C0B04A20B3196400335BF4 /* Build configuration list for PBXProject "ios-quorum" */ = {
			isa = XCConfigurationList;
			buildConfigurations = (
				26C0B05F20B3196400335BF4 /* Debug */,
				26C0B06020B3196400335BF4 /* Release */,
			);
			defaultConfigurationIsVisible = 0;
			defaultConfigurationName = Release;
		};
		26C0B06120B3196400335BF4 /* Build configuration list for PBXNativeTarget "ios-quorum" */ = {
			isa = XCConfigurationList;
			buildConfigurations = (
				26C0B06220B3196400335BF4 /* Debug */,
				26C0B06320B3196400335BF4 /* Release */,
			);
			defaultConfigurationIsVisible = 0;
			defaultConfigurationName = Release;
		};
/* End XCConfigurationList section */
	};
	rootObject = 26C0B04720B3196400335BF4 /* Project object */;
}
